<?xml version="1.0" encoding="utf-8"?>
<Project ToolsVersion="4.0" xmlns="http://schemas.microsoft.com/developer/msbuild/2003">
  <ItemGroup>
    <Filter Include="Source Files">
      <UniqueIdentifier>{4FC737F1-C7A5-4376-A066-2A32D752A2FF}</UniqueIdentifier>
      <Extensions>cpp;c;cc;cxx;def;odl;idl;hpj;bat;asm;asmx</Extensions>
    </Filter>
    <Filter Include="Header Files">
      <UniqueIdentifier>{93995380-89BD-4b04-88EB-625FBE52EBFB}</UniqueIdentifier>
      <Extensions>h;hpp;hxx;hm;inl;inc;xsd</Extensions>
    </Filter>
    <Filter Include="Resource Files">
      <UniqueIdentifier>{67DA6AB6-F800-4c08-8B7A-83BB121AAD01}</UniqueIdentifier>
      <Extensions>rc;ico;cur;bmp;dlg;rc2;rct;bin;rgs;gif;jpg;jpeg;jpe;resx;tiff;tif;png;wav;mfcribbon-ms</Extensions>
    </Filter>
  </ItemGroup>
  <ItemGroup>
    <ClCompile Include="Source.cpp">
      <Filter>Resource Files</Filter>
    </ClCompile>
    <ClCompile Include="Snake.cpp">
      <Filter>Resource Files</Filter>
    </ClCompile>
    <ClCompile Include="Owoc.cpp">
      <Filter>Resource Files</Filter>
    </ClCompile>
    <ClCompile Include="Napis.cpp">
      <Filter>Resource Files</Filter>
    </ClCompile>
    <ClCompile Include="Ob_Graficzny.cpp">
      <Filter>Resource Files</Filter>
    </ClCompile>
    <ClCompile Include="Ob_Dynamiczny.cpp">
      <Filter>Resource Files</Filter>
    </ClCompile>
    <ClCompile Include="Ob_Statyczny.cpp">
      <Filter>Resource Files</Filter>
    </ClCompile>
    <ClCompile Include="Reakcja.cpp">
      <Filter>Resource Files</Filter>
    </ClCompile>
    <ClCompile Include="Bonus.cpp">
      <Filter>Resource Files</Filter>
    </ClCompile>
    <ClCompile Include="Snake2.cpp">
      <Filter>Resource Files</Filter>
    </ClCompile>
  </ItemGroup>
  <ItemGroup>
    <ClInclude Include="Ob_Dynamiczny.h">
      <Filter>Header Files</Filter>
    </ClInclude>
    <ClInclude Include="Ob_Statyczny.h">
      <Filter>Header Files</Filter>
    </ClInclude>
    <ClInclude Include="Ob_Graficzny.h">
      <Filter>Header Files</Filter>
    </ClInclude>
    <ClInclude Include="Snake.h">
      <Filter>Header Files</Filter>
    </ClInclude>
    <ClInclude Include="Owoc.h">
      <Filter>Header Files</Filter>
    </ClInclude>
    <ClInclude Include="Napis.h">
      <Filter>Header Files</Filter>
    </ClInclude>
    <ClInclude Include="Reakcja.h">
      <Filter>Header Files</Filter>
    </ClInclude>
    <ClInclude Include="Bonus.h">
      <Filter>Header Files</Filter>
    </ClInclude>
    <ClInclude Include="Snake2.h">
      <Filter>Header Files</Filter>
    </ClInclude>
  </ItemGroup>
</Project>